
Microsoft Visual Studio Solution File, Format Version 12.00
# Visual Studio 15
VisualStudioVersion = 15.0.27004.2005
MinimumVisualStudioVersion = 10.0.40219.1
Project("{A0786B88-2ADB-4C21-ABE8-AA2D79766269}") = "ToqueAPP", "ToqueAPP.phpproj", "{F515445F-1197-4360-B6CB-9DD49BEBC8F9}"
EndProject
Global
	GlobalSection(SolutionConfigurationPlatforms) = preSolution
		Debug|Any CPU = Debug|Any CPU
		Release|Any CPU = Release|Any CPU
	EndGlobalSection
	GlobalSection(ProjectConfigurationPlatforms) = postSolution
		{F515445F-1197-4360-B6CB-9DD49BEBC8F9}.Debug|Any CPU.ActiveCfg = Debug|Any CPU
		{F515445F-1197-4360-B6CB-9DD49BEBC8F9}.Release|Any CPU.ActiveCfg = Release|Any CPU
	EndGlobalSection
	GlobalSection(SolutionProperties) = preSolution
		HideSolutionNode = FALSE
	EndGlobalSection
	GlobalSection(ExtensibilityGlobals) = postSolution
		SolutionGuid = {5C002796-71C7-4FEF-A3D4-DA9B2C5EDAFB}
	EndGlobalSection
EndGlobal
